
Microsoft Visual Studio Solution File, Format Version 12.00
# Visual Studio Version 16
VisualStudioVersion = 16.0.29519.181
MinimumVisualStudioVersion = 10.0.40219.1
Project("{FAE04EC0-301F-11D3-BF4B-00C04F79EFBC}") = "Claster", "Claster\Claster.csproj", "{2F2409D5-3A04-4676-9C31-7DF452586918}"
EndProject
Global
	GlobalSection(SolutionConfigurationPlatforms) = preSolution
		Debug|Any CPU = Debug|Any CPU
		Release|Any CPU = Release|Any CPU
	EndGlobalSection
	GlobalSection(ProjectConfigurationPlatforms) = postSolution
		{2F2409D5-3A04-4676-9C31-7DF452586918}.Debug|Any CPU.ActiveCfg = Debug|Any CPU
		{2F2409D5-3A04-4676-9C31-7DF452586918}.Debug|Any CPU.Build.0 = Debug|Any CPU
		{2F2409D5-3A04-4676-9C31-7DF452586918}.Release|Any CPU.ActiveCfg = Release|Any CPU
		{2F2409D5-3A04-4676-9C31-7DF452586918}.Release|Any CPU.Build.0 = Release|Any CPU
	EndGlobalSection
	GlobalSection(SolutionProperties) = preSolution
		HideSolutionNode = FALSE
	EndGlobalSection
	GlobalSection(ExtensibilityGlobals) = postSolution
		SolutionGuid = {DB383B7D-B398-4D9A-8C72-B47F8A9336D9}
	EndGlobalSection
EndGlobal
